
Microsoft Visual Studio Solution File, Format Version 12.00
# Visual Studio Version 16
VisualStudioVersion = 16.0.29519.181
MinimumVisualStudioVersion = 10.0.40219.1
Project("{2150E333-8FDC-42A3-9474-1A3956D46DE8}") = "BDA", "BDA", "{C564582D-6896-4350-973C-96E4ABF4DF05}"
EndProject
Project("{2150E333-8FDC-42A3-9474-1A3956D46DE8}") = "Capture", "Capture", "{5ABB2CD5-936B-40E8-9018-B9D20FC3EB13}"
EndProject
Project("{2150E333-8FDC-42A3-9474-1A3956D46DE8}") = "DMO", "DMO", "{36FDE6AF-A674-46C6-BC9E-F0D43CF4108A}"
EndProject
Project("{2150E333-8FDC-42A3-9474-1A3956D46DE8}") = "Editing", "Editing", "{ACB3F170-B11A-47B6-A6C8-FE027D29374B}"
EndProject
Project("{2150E333-8FDC-42A3-9474-1A3956D46DE8}") = "Misc", "Misc", "{03C9523B-1437-44CE-9CC3-10EB1EDE77A3}"
EndProject
Project("{2150E333-8FDC-42A3-9474-1A3956D46DE8}") = "Players", "Players", "{EE780FF5-595B-41F2-866C-5C58EF159508}"
EndProject
Project("{2150E333-8FDC-42A3-9474-1A3956D46DE8}") = "SBE", "SBE", "{194A6322-EB1A-412E-8780-6FE9976D3910}"
EndProject
Project("{2150E333-8FDC-42A3-9474-1A3956D46DE8}") = "VMR9", "VMR9", "{88B5C9FC-1437-4D4C-9203-B62DD296EAB1}"
EndProject
Project("{FAE04EC0-301F-11D3-BF4B-00C04F79EFBC}") = "DTVViewer-2008", "BDA\DTVViewer\DTVViewer-2008.csproj", "{F3FCD690-6D1A-4A42-AFC1-A3A3D56D7DBC}"
EndProject
Project("{FAE04EC0-301F-11D3-BF4B-00C04F79EFBC}") = "CapWMV-2008", "Capture\CapWMV\CapWMV-2008.csproj", "{1E4F75E2-476C-4D6E-87BF-F545CCF5CE59}"
EndProject
Project("{FAE04EC0-301F-11D3-BF4B-00C04F79EFBC}") = "DxLogo-2008", "Capture\DxLogo\DxLogo-2008.csproj", "{17379614-821C-4504-B45D-BBACC866EBFB}"
EndProject
Project("{F184B08F-C81C-45F6-A57F-5ABD9991F28F}") = "DxLogoVB-2008", "Capture\DxLogoVB\DxLogoVB-2008.vbproj", "{8D9497ED-F71D-4938-A6AD-0BB6AAF1639E}"
EndProject
Project("{FAE04EC0-301F-11D3-BF4B-00C04F79EFBC}") = "DxPropPages-2008", "Capture\DxPropPages\DxPropPages-2008.csproj", "{4AC57653-233F-4862-AF88-139A1D02A007}"
EndProject
Project("{FAE04EC0-301F-11D3-BF4B-00C04F79EFBC}") = "DxSnap-2008", "Capture\DxSnap\DxSnap-2008.csproj", "{E6052609-A070-41D5-85B9-ACABA91170C5}"
EndProject
Project("{FAE04EC0-301F-11D3-BF4B-00C04F79EFBC}") = "DxTuner-2008", "Capture\DxTuner\DxTuner-2008.csproj", "{8BEEA89E-746F-4FAE-B7AB-5F30883D758B}"
EndProject
Project("{FAE04EC0-301F-11D3-BF4B-00C04F79EFBC}") = "PlayCap-2008", "Capture\PlayCap\PlayCap-2008.csproj", "{156F9A0F-C89B-42D5-9636-0047FE0923CE}"
EndProject
Project("{FAE04EC0-301F-11D3-BF4B-00C04F79EFBC}") = "DmoFlip-2008", "DMO\DmoFlip.DMO\DmoFlip-2008.csproj", "{369D647A-7F80-4F06-BEDB-D62AC1627862}"
EndProject
Project("{FAE04EC0-301F-11D3-BF4B-00C04F79EFBC}") = "DmoFlip.FormDMO-2008", "DMO\DmoFlip.FormDMO\DmoFlip.FormDMO-2008.csproj", "{B72919DC-C5B9-441A-9AD9-6CF9A97AFE85}"
EndProject
Project("{FAE04EC0-301F-11D3-BF4B-00C04F79EFBC}") = "DmoSplit-2008", "DMO\DmoSplit.DMO\DmoSplit-2008.csproj", "{968B0CDA-1415-4C66-B8FC-64FCFE21C3B2}"
EndProject
Project("{FAE04EC0-301F-11D3-BF4B-00C04F79EFBC}") = "DmoSplit.FormDMO-2008", "DMO\DmoSplit.FormDMO\DmoSplit.FormDMO-2008.csproj", "{F961C306-98E5-410D-A1AC-0C0D0F10C6AD}"
EndProject
Project("{FAE04EC0-301F-11D3-BF4B-00C04F79EFBC}") = "DESCombineLib-2008", "Editing\DESCombineLib\DESCombineLib-2008.csproj", "{A10D4671-34C7-4AD8-B537-B2B9C48242F7}"
EndProject
Project("{FAE04EC0-301F-11D3-BF4B-00C04F79EFBC}") = "TestCombine-2008", "Editing\DesCombineTest\TestCombine-2008.csproj", "{B20FEBE5-4895-4930-8017-C7614AB6C49B}"
EndProject
Project("{F184B08F-C81C-45F6-A57F-5ABD9991F28F}") = "DesCombineVB-2008", "Editing\DesCombineVB\DesCombineVB-2008.vbproj", "{BFB2A0B5-B3AB-4355-9C7D-59F9FBDD38E9}"
EndProject
Project("{FAE04EC0-301F-11D3-BF4B-00C04F79EFBC}") = "DxScan-2008", "Editing\DxScan\DxScan-2008.csproj", "{B7413029-8B88-4945-A6B3-61DB3EF2602D}"
EndProject
Project("{FAE04EC0-301F-11D3-BF4B-00C04F79EFBC}") = "BlackList", "Misc\BlackList\BlackList.csproj", "{0178D2F5-5AC7-4B9F-8696-6E1AF14ED013}"
EndProject
Project("{FAE04EC0-301F-11D3-BF4B-00C04F79EFBC}") = "GMFPreview-2008", "Misc\GMFPreview\GMFPreview-2008.csproj", "{0E756677-5CB9-488B-B54A-55B32BF087D6}"
EndProject
Project("{8BC9CEB8-8B4A-11D0-8D11-00A0C91BC942}") = "GSSF.filter", "Misc\GSSF.filter\PushSource-2005.vcxproj", "{70B24BBF-E59F-4F91-A74B-01288E1DECB3}"
EndProject
Project("{FAE04EC0-301F-11D3-BF4B-00C04F79EFBC}") = "GSSF.render", "Misc\GSSF.render\GSSF.render.csproj", "{6E8BB66C-D141-4333-8311-3CF33FACEC1B}"
EndProject
Project("{FAE04EC0-301F-11D3-BF4B-00C04F79EFBC}") = "MediaDetector-2008", "Misc\MediaDetector\MediaDetector-2008.csproj", "{4A1D7E19-8697-4DB8-B54F-1DF30F5C90B7}"
EndProject
Project("{FAE04EC0-301F-11D3-BF4B-00C04F79EFBC}") = "DirectShowLib.Utils-2008", "Misc\Toolkit\DirectShowLib.Utils-2008.csproj", "{FA72F510-5B39-43EC-BA62-04C6F90BD524}"
EndProject
Project("{FAE04EC0-301F-11D3-BF4B-00C04F79EFBC}") = "WebCamClient-2008", "Misc\WebCam.Client\WebCamClient-2008.csproj", "{4FF60CC6-8D38-4686-A8F8-94BB36DDCFCC}"
EndProject
Project("{FAE04EC0-301F-11D3-BF4B-00C04F79EFBC}") = "WebCamService-2008", "Misc\WebCam.Service\WebCamService-2008.csproj", "{5D949877-7015-40CA-83E5-D516C1C2BA97}"
EndProject
Project("{FAE04EC0-301F-11D3-BF4B-00C04F79EFBC}") = "DVDPlay-2008", "Players\DvdPlay\DVDPlay-2008.csproj", "{00DC331B-E105-44F0-829E-80C2E1120D2F}"
EndProject
Project("{FAE04EC0-301F-11D3-BF4B-00C04F79EFBC}") = "DxPlay-2008", "Players\DxPlay\DxPlay-2008.csproj", "{0B44B3D7-52D7-4C0E-9B1C-F48CEEDA36FE}"
EndProject
Project("{FAE04EC0-301F-11D3-BF4B-00C04F79EFBC}") = "DxText-2008", "Players\DxText\DxText-2008.csproj", "{B0BB5DBF-3B99-4E4E-8793-984153C7D21F}"
EndProject
Project("{FAE04EC0-301F-11D3-BF4B-00C04F79EFBC}") = "EVRPlayer-2008", "Players\EVRPlayer\EVRPlayer-2008.csproj", "{4C65947E-100E-4176-B893-C3067ED8DC11}"
EndProject
Project("{FAE04EC0-301F-11D3-BF4B-00C04F79EFBC}") = "GMFPlay-2008", "Players\GMFPlay\GMFPlay-2008.csproj", "{FE48353B-7945-400B-87B2-660BE9225083}"
EndProject
Project("{F184B08F-C81C-45F6-A57F-5ABD9991F28F}") = "PlayVB-2008", "Players\PlayVB\PlayVB-2008.vbproj", "{72D5AFCA-8989-4536-BA61-EEB1CD8A7FD1}"
EndProject
Project("{FAE04EC0-301F-11D3-BF4B-00C04F79EFBC}") = "PlayWnd-2008", "Players\PlayWnd\PlayWnd-2008.csproj", "{20FBEEA4-92C2-409E-9448-219CE60C0041}"
EndProject
Project("{FAE04EC0-301F-11D3-BF4B-00C04F79EFBC}") = "DvrMsCutter-2008", "SBE\DvrMsCutter\DvrMsCutter-2008.csproj", "{58BA266F-B6DF-4096-8816-6A97C0A343E7}"
EndProject
Project("{FAE04EC0-301F-11D3-BF4B-00C04F79EFBC}") = "DvrMsCutter2-2008", "SBE\DvrMsCutter2\DvrMsCutter2-2008.csproj", "{2BB69C76-D153-48A0-95B9-710550D63986}"
EndProject
Project("{FAE04EC0-301F-11D3-BF4B-00C04F79EFBC}") = "BitmapMixer-2008", "VMR9\BitmapMixer\BitmapMixer-2008.csproj", "{4682D111-4503-448E-B5F4-93358502C229}"
EndProject
Project("{FAE04EC0-301F-11D3-BF4B-00C04F79EFBC}") = "VMR9Allocator-2008", "VMR9\VMR9Allocator\VMR9Allocator-2008.csproj", "{B3D9A91A-8F19-45DA-93FF-4C6248AFD6D1}"
EndProject
Project("{FAE04EC0-301F-11D3-BF4B-00C04F79EFBC}") = "VMR9Allocator2-2008", "VMR9\VMR9Allocator2\VMR9Allocator2-2008.csproj", "{16A0709D-4952-4801-9C3C-3607940121B6}"
EndProject
Project("{FAE04EC0-301F-11D3-BF4B-00C04F79EFBC}") = "Vmr9Compositor", "VMR9\VMR9Compositor\Vmr9Compositor.csproj", "{88B15C8B-9377-4CCB-AA9B-4C3F9D923713}"
EndProject
Project("{FAE04EC0-301F-11D3-BF4B-00C04F79EFBC}") = "VMR9Snapper-2008", "VMR9\VMR9Snapper\VMR9Snapper-2008.csproj", "{9A2F4C86-D86E-4354-8F8A-D86ECF772F1A}"
EndProject
Global
	GlobalSection(SolutionConfigurationPlatforms) = preSolution
		Debug|Any CPU = Debug|Any CPU
		Debug|x64 = Debug|x64
		Debug|x86 = Debug|x86
		Release|Any CPU = Release|Any CPU
		Release|x64 = Release|x64
		Release|x86 = Release|x86
	EndGlobalSection
	GlobalSection(ProjectConfigurationPlatforms) = postSolution
		{F3FCD690-6D1A-4A42-AFC1-A3A3D56D7DBC}.Debug|Any CPU.ActiveCfg = Debug|Any CPU
		{F3FCD690-6D1A-4A42-AFC1-A3A3D56D7DBC}.Debug|Any CPU.Build.0 = Debug|Any CPU
		{F3FCD690-6D1A-4A42-AFC1-A3A3D56D7DBC}.Debug|x64.ActiveCfg = Debug|Any CPU
		{F3FCD690-6D1A-4A42-AFC1-A3A3D56D7DBC}.Debug|x64.Build.0 = Debug|Any CPU
		{F3FCD690-6D1A-4A42-AFC1-A3A3D56D7DBC}.Debug|x86.ActiveCfg = Debug|Any CPU
		{F3FCD690-6D1A-4A42-AFC1-A3A3D56D7DBC}.Debug|x86.Build.0 = Debug|Any CPU
		{F3FCD690-6D1A-4A42-AFC1-A3A3D56D7DBC}.Release|Any CPU.ActiveCfg = Release|Any CPU
		{F3FCD690-6D1A-4A42-AFC1-A3A3D56D7DBC}.Release|Any CPU.Build.0 = Release|Any CPU
		{F3FCD690-6D1A-4A42-AFC1-A3A3D56D7DBC}.Release|x64.ActiveCfg = Release|Any CPU
		{F3FCD690-6D1A-4A42-AFC1-A3A3D56D7DBC}.Release|x64.Build.0 = Release|Any CPU
		{F3FCD690-6D1A-4A42-AFC1-A3A3D56D7DBC}.Release|x86.ActiveCfg = Release|Any CPU
		{F3FCD690-6D1A-4A42-AFC1-A3A3D56D7DBC}.Release|x86.Build.0 = Release|Any CPU
		{1E4F75E2-476C-4D6E-87BF-F545CCF5CE59}.Debug|Any CPU.ActiveCfg = Debug|Any CPU
		{1E4F75E2-476C-4D6E-87BF-F545CCF5CE59}.Debug|Any CPU.Build.0 = Debug|Any CPU
		{1E4F75E2-476C-4D6E-87BF-F545CCF5CE59}.Debug|x64.ActiveCfg = Debug|Any CPU
		{1E4F75E2-476C-4D6E-87BF-F545CCF5CE59}.Debug|x64.Build.0 = Debug|Any CPU
		{1E4F75E2-476C-4D6E-87BF-F545CCF5CE59}.Debug|x86.ActiveCfg = Debug|Any CPU
		{1E4F75E2-476C-4D6E-87BF-F545CCF5CE59}.Debug|x86.Build.0 = Debug|Any CPU
		{1E4F75E2-476C-4D6E-87BF-F545CCF5CE59}.Release|Any CPU.ActiveCfg = Release|Any CPU
		{1E4F75E2-476C-4D6E-87BF-F545CCF5CE59}.Release|Any CPU.Build.0 = Release|Any CPU
		{1E4F75E2-476C-4D6E-87BF-F545CCF5CE59}.Release|x64.ActiveCfg = Release|Any CPU
		{1E4F75E2-476C-4D6E-87BF-F545CCF5CE59}.Release|x64.Build.0 = Release|Any CPU
		{1E4F75E2-476C-4D6E-87BF-F545CCF5CE59}.Release|x86.ActiveCfg = Release|Any CPU
		{1E4F75E2-476C-4D6E-87BF-F545CCF5CE59}.Release|x86.Build.0 = Release|Any CPU
		{17379614-821C-4504-B45D-BBACC866EBFB}.Debug|Any CPU.ActiveCfg = Debug|Any CPU
		{17379614-821C-4504-B45D-BBACC866EBFB}.Debug|Any CPU.Build.0 = Debug|Any CPU
		{17379614-821C-4504-B45D-BBACC866EBFB}.Debug|x64.ActiveCfg = Debug|Any CPU
		{17379614-821C-4504-B45D-BBACC866EBFB}.Debug|x64.Build.0 = Debug|Any CPU
		{17379614-821C-4504-B45D-BBACC866EBFB}.Debug|x86.ActiveCfg = Debug|Any CPU
		{17379614-821C-4504-B45D-BBACC866EBFB}.Debug|x86.Build.0 = Debug|Any CPU
		{17379614-821C-4504-B45D-BBACC866EBFB}.Release|Any CPU.ActiveCfg = Release|Any CPU
		{17379614-821C-4504-B45D-BBACC866EBFB}.Release|Any CPU.Build.0 = Release|Any CPU
		{17379614-821C-4504-B45D-BBACC866EBFB}.Release|x64.ActiveCfg = Release|Any CPU
		{17379614-821C-4504-B45D-BBACC866EBFB}.Release|x64.Build.0 = Release|Any CPU
		{17379614-821C-4504-B45D-BBACC866EBFB}.Release|x86.ActiveCfg = Release|Any CPU
		{17379614-821C-4504-B45D-BBACC866EBFB}.Release|x86.Build.0 = Release|Any CPU
		{8D9497ED-F71D-4938-A6AD-0BB6AAF1639E}.Debug|Any CPU.ActiveCfg = Debug|Any CPU
		{8D9497ED-F71D-4938-A6AD-0BB6AAF1639E}.Debug|Any CPU.Build.0 = Debug|Any CPU
		{8D9497ED-F71D-4938-A6AD-0BB6AAF1639E}.Debug|x64.ActiveCfg = Debug|Any CPU
		{8D9497ED-F71D-4938-A6AD-0BB6AAF1639E}.Debug|x64.Build.0 = Debug|Any CPU
		{8D9497ED-F71D-4938-A6AD-0BB6AAF1639E}.Debug|x86.ActiveCfg = Debug|Any CPU
		{8D9497ED-F71D-4938-A6AD-0BB6AAF1639E}.Debug|x86.Build.0 = Debug|Any CPU
		{8D9497ED-F71D-4938-A6AD-0BB6AAF1639E}.Release|Any CPU.ActiveCfg = Release|Any CPU
		{8D9497ED-F71D-4938-A6AD-0BB6AAF1639E}.Release|Any CPU.Build.0 = Release|Any CPU
		{8D9497ED-F71D-4938-A6AD-0BB6AAF1639E}.Release|x64.ActiveCfg = Release|Any CPU
		{8D9497ED-F71D-4938-A6AD-0BB6AAF1639E}.Release|x64.Build.0 = Release|Any CPU
		{8D9497ED-F71D-4938-A6AD-0BB6AAF1639E}.Release|x86.ActiveCfg = Release|Any CPU
		{8D9497ED-F71D-4938-A6AD-0BB6AAF1639E}.Release|x86.Build.0 = Release|Any CPU
		{4AC57653-233F-4862-AF88-139A1D02A007}.Debug|Any CPU.ActiveCfg = Debug|Any CPU
		{4AC57653-233F-4862-AF88-139A1D02A007}.Debug|Any CPU.Build.0 = Debug|Any CPU
		{4AC57653-233F-4862-AF88-139A1D02A007}.Debug|x64.ActiveCfg = Debug|Any CPU
		{4AC57653-233F-4862-AF88-139A1D02A007}.Debug|x64.Build.0 = Debug|Any CPU
		{4AC57653-233F-4862-AF88-139A1D02A007}.Debug|x86.ActiveCfg = Debug|Any CPU
		{4AC57653-233F-4862-AF88-139A1D02A007}.Debug|x86.Build.0 = Debug|Any CPU
		{4AC57653-233F-4862-AF88-139A1D02A007}.Release|Any CPU.ActiveCfg = Release|Any CPU
		{4AC57653-233F-4862-AF88-139A1D02A007}.Release|Any CPU.Build.0 = Release|Any CPU
		{4AC57653-233F-4862-AF88-139A1D02A007}.Release|x64.ActiveCfg = Release|Any CPU
		{4AC57653-233F-4862-AF88-139A1D02A007}.Release|x64.Build.0 = Release|Any CPU
		{4AC57653-233F-4862-AF88-139A1D02A007}.Release|x86.ActiveCfg = Release|Any CPU
		{4AC57653-233F-4862-AF88-139A1D02A007}.Release|x86.Build.0 = Release|Any CPU
		{E6052609-A070-41D5-85B9-ACABA91170C5}.Debug|Any CPU.ActiveCfg = Debug|Any CPU
		{E6052609-A070-41D5-85B9-ACABA91170C5}.Debug|Any CPU.Build.0 = Debug|Any CPU
		{E6052609-A070-41D5-85B9-ACABA91170C5}.Debug|x64.ActiveCfg = Debug|Any CPU
		{E6052609-A070-41D5-85B9-ACABA91170C5}.Debug|x64.Build.0 = Debug|Any CPU
		{E6052609-A070-41D5-85B9-ACABA91170C5}.Debug|x86.ActiveCfg = Debug|Any CPU
		{E6052609-A070-41D5-85B9-ACABA91170C5}.Debug|x86.Build.0 = Debug|Any CPU
		{E6052609-A070-41D5-85B9-ACABA91170C5}.Release|Any CPU.ActiveCfg = Release|Any CPU
		{E6052609-A070-41D5-85B9-ACABA91170C5}.Release|Any CPU.Build.0 = Release|Any CPU
		{E6052609-A070-41D5-85B9-ACABA91170C5}.Release|x64.ActiveCfg = Release|Any CPU
		{E6052609-A070-41D5-85B9-ACABA91170C5}.Release|x64.Build.0 = Release|Any CPU
		{E6052609-A070-41D5-85B9-ACABA91170C5}.Release|x86.ActiveCfg = Release|Any CPU
		{E6052609-A070-41D5-85B9-ACABA91170C5}.Release|x86.Build.0 = Release|Any CPU
		{8BEEA89E-746F-4FAE-B7AB-5F30883D758B}.Debug|Any CPU.ActiveCfg = Debug|Any CPU
		{8BEEA89E-746F-4FAE-B7AB-5F30883D758B}.Debug|Any CPU.Build.0 = Debug|Any CPU
		{8BEEA89E-746F-4FAE-B7AB-5F30883D758B}.Debug|x64.ActiveCfg = Debug|Any CPU
		{8BEEA89E-746F-4FAE-B7AB-5F30883D758B}.Debug|x64.Build.0 = Debug|Any CPU
		{8BEEA89E-746F-4FAE-B7AB-5F30883D758B}.Debug|x86.ActiveCfg = Debug|Any CPU
		{8BEEA89E-746F-4FAE-B7AB-5F30883D758B}.Debug|x86.Build.0 = Debug|Any CPU
		{8BEEA89E-746F-4FAE-B7AB-5F30883D758B}.Release|Any CPU.ActiveCfg = Release|Any CPU
		{8BEEA89E-746F-4FAE-B7AB-5F30883D758B}.Release|Any CPU.Build.0 = Release|Any CPU
		{8BEEA89E-746F-4FAE-B7AB-5F30883D758B}.Release|x64.ActiveCfg = Release|Any CPU
		{8BEEA89E-746F-4FAE-B7AB-5F30883D758B}.Release|x64.Build.0 = Release|Any CPU
		{8BEEA89E-746F-4FAE-B7AB-5F30883D758B}.Release|x86.ActiveCfg = Release|Any CPU
		{8BEEA89E-746F-4FAE-B7AB-5F30883D758B}.Release|x86.Build.0 = Release|Any CPU
		{156F9A0F-C89B-42D5-9636-0047FE0923CE}.Debug|Any CPU.ActiveCfg = Debug|Any CPU
		{156F9A0F-C89B-42D5-9636-0047FE0923CE}.Debug|Any CPU.Build.0 = Debug|Any CPU
		{156F9A0F-C89B-42D5-9636-0047FE0923CE}.Debug|x64.ActiveCfg = Debug|Any CPU
		{156F9A0F-C89B-42D5-9636-0047FE0923CE}.Debug|x64.Build.0 = Debug|Any CPU
		{156F9A0F-C89B-42D5-9636-0047FE0923CE}.Debug|x86.ActiveCfg = Debug|Any CPU
		{156F9A0F-C89B-42D5-9636-0047FE0923CE}.Debug|x86.Build.0 = Debug|Any CPU
		{156F9A0F-C89B-42D5-9636-0047FE0923CE}.Release|Any CPU.ActiveCfg = Release|Any CPU
		{156F9A0F-C89B-42D5-9636-0047FE0923CE}.Release|Any CPU.Build.0 = Release|Any CPU
		{156F9A0F-C89B-42D5-9636-0047FE0923CE}.Release|x64.ActiveCfg = Release|Any CPU
		{156F9A0F-C89B-42D5-9636-0047FE0923CE}.Release|x64.Build.0 = Release|Any CPU
		{156F9A0F-C89B-42D5-9636-0047FE0923CE}.Release|x86.ActiveCfg = Release|Any CPU
		{156F9A0F-C89B-42D5-9636-0047FE0923CE}.Release|x86.Build.0 = Release|Any CPU
		{369D647A-7F80-4F06-BEDB-D62AC1627862}.Debug|Any CPU.ActiveCfg = Debug|Any CPU
		{369D647A-7F80-4F06-BEDB-D62AC1627862}.Debug|Any CPU.Build.0 = Debug|Any CPU
		{369D647A-7F80-4F06-BEDB-D62AC1627862}.Debug|x64.ActiveCfg = Debug|Any CPU
		{369D647A-7F80-4F06-BEDB-D62AC1627862}.Debug|x64.Build.0 = Debug|Any CPU
		{369D647A-7F80-4F06-BEDB-D62AC1627862}.Debug|x86.ActiveCfg = Debug|Any CPU
		{369D647A-7F80-4F06-BEDB-D62AC1627862}.Debug|x86.Build.0 = Debug|Any CPU
		{369D647A-7F80-4F06-BEDB-D62AC1627862}.Release|Any CPU.ActiveCfg = Release|Any CPU
		{369D647A-7F80-4F06-BEDB-D62AC1627862}.Release|Any CPU.Build.0 = Release|Any CPU
		{369D647A-7F80-4F06-BEDB-D62AC1627862}.Release|x64.ActiveCfg = Release|Any CPU
		{369D647A-7F80-4F06-BEDB-D62AC1627862}.Release|x64.Build.0 = Release|Any CPU
		{369D647A-7F80-4F06-BEDB-D62AC1627862}.Release|x86.ActiveCfg = Release|Any CPU
		{369D647A-7F80-4F06-BEDB-D62AC1627862}.Release|x86.Build.0 = Release|Any CPU
		{B72919DC-C5B9-441A-9AD9-6CF9A97AFE85}.Debug|Any CPU.ActiveCfg = Debug|Any CPU
		{B72919DC-C5B9-441A-9AD9-6CF9A97AFE85}.Debug|Any CPU.Build.0 = Debug|Any CPU
		{B72919DC-C5B9-441A-9AD9-6CF9A97AFE85}.Debug|x64.ActiveCfg = Debug|Any CPU
		{B72919DC-C5B9-441A-9AD9-6CF9A97AFE85}.Debug|x64.Build.0 = Debug|Any CPU
		{B72919DC-C5B9-441A-9AD9-6CF9A97AFE85}.Debug|x86.ActiveCfg = Debug|Any CPU
		{B72919DC-C5B9-441A-9AD9-6CF9A97AFE85}.Debug|x86.Build.0 = Debug|Any CPU
		{B72919DC-C5B9-441A-9AD9-6CF9A97AFE85}.Release|Any CPU.ActiveCfg = Release|Any CPU
		{B72919DC-C5B9-441A-9AD9-6CF9A97AFE85}.Release|Any CPU.Build.0 = Release|Any CPU
		{B72919DC-C5B9-441A-9AD9-6CF9A97AFE85}.Release|x64.ActiveCfg = Release|Any CPU
		{B72919DC-C5B9-441A-9AD9-6CF9A97AFE85}.Release|x64.Build.0 = Release|Any CPU
		{B72919DC-C5B9-441A-9AD9-6CF9A97AFE85}.Release|x86.ActiveCfg = Release|Any CPU
		{B72919DC-C5B9-441A-9AD9-6CF9A97AFE85}.Release|x86.Build.0 = Release|Any CPU
		{968B0CDA-1415-4C66-B8FC-64FCFE21C3B2}.Debug|Any CPU.ActiveCfg = Debug|Any CPU
		{968B0CDA-1415-4C66-B8FC-64FCFE21C3B2}.Debug|Any CPU.Build.0 = Debug|Any CPU
		{968B0CDA-1415-4C66-B8FC-64FCFE21C3B2}.Debug|x64.ActiveCfg = Debug|Any CPU
		{968B0CDA-1415-4C66-B8FC-64FCFE21C3B2}.Debug|x64.Build.0 = Debug|Any CPU
		{968B0CDA-1415-4C66-B8FC-64FCFE21C3B2}.Debug|x86.ActiveCfg = Debug|Any CPU
		{968B0CDA-1415-4C66-B8FC-64FCFE21C3B2}.Debug|x86.Build.0 = Debug|Any CPU
		{968B0CDA-1415-4C66-B8FC-64FCFE21C3B2}.Release|Any CPU.ActiveCfg = Release|Any CPU
		{968B0CDA-1415-4C66-B8FC-64FCFE21C3B2}.Release|Any CPU.Build.0 = Release|Any CPU
		{968B0CDA-1415-4C66-B8FC-64FCFE21C3B2}.Release|x64.ActiveCfg = Release|Any CPU
		{968B0CDA-1415-4C66-B8FC-64FCFE21C3B2}.Release|x64.Build.0 = Release|Any CPU
		{968B0CDA-1415-4C66-B8FC-64FCFE21C3B2}.Release|x86.ActiveCfg = Release|Any CPU
		{968B0CDA-1415-4C66-B8FC-64FCFE21C3B2}.Release|x86.Build.0 = Release|Any CPU
		{F961C306-98E5-410D-A1AC-0C0D0F10C6AD}.Debug|Any CPU.ActiveCfg = Debug|Any CPU
		{F961C306-98E5-410D-A1AC-0C0D0F10C6AD}.Debug|Any CPU.Build.0 = Debug|Any CPU
		{F961C306-98E5-410D-A1AC-0C0D0F10C6AD}.Debug|x64.ActiveCfg = Debug|Any CPU
		{F961C306-98E5-410D-A1AC-0C0D0F10C6AD}.Debug|x64.Build.0 = Debug|Any CPU
		{F961C306-98E5-410D-A1AC-0C0D0F10C6AD}.Debug|x86.ActiveCfg = Debug|Any CPU
		{F961C306-98E5-410D-A1AC-0C0D0F10C6AD}.Debug|x86.Build.0 = Debug|Any CPU
		{F961C306-98E5-410D-A1AC-0C0D0F10C6AD}.Release|Any CPU.ActiveCfg = Release|Any CPU
		{F961C306-98E5-410D-A1AC-0C0D0F10C6AD}.Release|Any CPU.Build.0 = Release|Any CPU
		{F961C306-98E5-410D-A1AC-0C0D0F10C6AD}.Release|x64.ActiveCfg = Release|Any CPU
		{F961C306-98E5-410D-A1AC-0C0D0F10C6AD}.Release|x64.Build.0 = Release|Any CPU
		{F961C306-98E5-410D-A1AC-0C0D0F10C6AD}.Release|x86.ActiveCfg = Release|Any CPU
		{F961C306-98E5-410D-A1AC-0C0D0F10C6AD}.Release|x86.Build.0 = Release|Any CPU
		{A10D4671-34C7-4AD8-B537-B2B9C48242F7}.Debug|Any CPU.ActiveCfg = Debug|Any CPU
		{A10D4671-34C7-4AD8-B537-B2B9C48242F7}.Debug|Any CPU.Build.0 = Debug|Any CPU
		{A10D4671-34C7-4AD8-B537-B2B9C48242F7}.Debug|x64.ActiveCfg = Debug|Any CPU
		{A10D4671-34C7-4AD8-B537-B2B9C48242F7}.Debug|x64.Build.0 = Debug|Any CPU
		{A10D4671-34C7-4AD8-B537-B2B9C48242F7}.Debug|x86.ActiveCfg = Debug|Any CPU
		{A10D4671-34C7-4AD8-B537-B2B9C48242F7}.Debug|x86.Build.0 = Debug|Any CPU
		{A10D4671-34C7-4AD8-B537-B2B9C48242F7}.Release|Any CPU.ActiveCfg = Release|Any CPU
		{A10D4671-34C7-4AD8-B537-B2B9C48242F7}.Release|Any CPU.Build.0 = Release|Any CPU
		{A10D4671-34C7-4AD8-B537-B2B9C48242F7}.Release|x64.ActiveCfg = Release|Any CPU
		{A10D4671-34C7-4AD8-B537-B2B9C48242F7}.Release|x64.Build.0 = Release|Any CPU
		{A10D4671-34C7-4AD8-B537-B2B9C48242F7}.Release|x86.ActiveCfg = Release|Any CPU
		{A10D4671-34C7-4AD8-B537-B2B9C48242F7}.Release|x86.Build.0 = Release|Any CPU
		{B20FEBE5-4895-4930-8017-C7614AB6C49B}.Debug|Any CPU.ActiveCfg = Debug|Any CPU
		{B20FEBE5-4895-4930-8017-C7614AB6C49B}.Debug|Any CPU.Build.0 = Debug|Any CPU
		{B20FEBE5-4895-4930-8017-C7614AB6C49B}.Debug|x64.ActiveCfg = Debug|Any CPU
		{B20FEBE5-4895-4930-8017-C7614AB6C49B}.Debug|x64.Build.0 = Debug|Any CPU
		{B20FEBE5-4895-4930-8017-C7614AB6C49B}.Debug|x86.ActiveCfg = Debug|Any CPU
		{B20FEBE5-4895-4930-8017-C7614AB6C49B}.Debug|x86.Build.0 = Debug|Any CPU
		{B20FEBE5-4895-4930-8017-C7614AB6C49B}.Release|Any CPU.ActiveCfg = Release|Any CPU
		{B20FEBE5-4895-4930-8017-C7614AB6C49B}.Release|Any CPU.Build.0 = Release|Any CPU
		{B20FEBE5-4895-4930-8017-C7614AB6C49B}.Release|x64.ActiveCfg = Release|Any CPU
		{B20FEBE5-4895-4930-8017-C7614AB6C49B}.Release|x64.Build.0 = Release|Any CPU
		{B20FEBE5-4895-4930-8017-C7614AB6C49B}.Release|x86.ActiveCfg = Release|Any CPU
		{B20FEBE5-4895-4930-8017-C7614AB6C49B}.Release|x86.Build.0 = Release|Any CPU
		{BFB2A0B5-B3AB-4355-9C7D-59F9FBDD38E9}.Debug|Any CPU.ActiveCfg = Debug|Any CPU
		{BFB2A0B5-B3AB-4355-9C7D-59F9FBDD38E9}.Debug|Any CPU.Build.0 = Debug|Any CPU
		{BFB2A0B5-B3AB-4355-9C7D-59F9FBDD38E9}.Debug|x64.ActiveCfg = Debug|Any CPU
		{BFB2A0B5-B3AB-4355-9C7D-59F9FBDD38E9}.Debug|x64.Build.0 = Debug|Any CPU
		{BFB2A0B5-B3AB-4355-9C7D-59F9FBDD38E9}.Debug|x86.ActiveCfg = Debug|Any CPU
		{BFB2A0B5-B3AB-4355-9C7D-59F9FBDD38E9}.Debug|x86.Build.0 = Debug|Any CPU
		{BFB2A0B5-B3AB-4355-9C7D-59F9FBDD38E9}.Release|Any CPU.ActiveCfg = Release|Any CPU
		{BFB2A0B5-B3AB-4355-9C7D-59F9FBDD38E9}.Release|Any CPU.Build.0 = Release|Any CPU
		{BFB2A0B5-B3AB-4355-9C7D-59F9FBDD38E9}.Release|x64.ActiveCfg = Release|Any CPU
		{BFB2A0B5-B3AB-4355-9C7D-59F9FBDD38E9}.Release|x64.Build.0 = Release|Any CPU
		{BFB2A0B5-B3AB-4355-9C7D-59F9FBDD38E9}.Release|x86.ActiveCfg = Release|Any CPU
		{BFB2A0B5-B3AB-4355-9C7D-59F9FBDD38E9}.Release|x86.Build.0 = Release|Any CPU
		{B7413029-8B88-4945-A6B3-61DB3EF2602D}.Debug|Any CPU.ActiveCfg = Debug|Any CPU
		{B7413029-8B88-4945-A6B3-61DB3EF2602D}.Debug|Any CPU.Build.0 = Debug|Any CPU
		{B7413029-8B88-4945-A6B3-61DB3EF2602D}.Debug|x64.ActiveCfg = Debug|Any CPU
		{B7413029-8B88-4945-A6B3-61DB3EF2602D}.Debug|x64.Build.0 = Debug|Any CPU
		{B7413029-8B88-4945-A6B3-61DB3EF2602D}.Debug|x86.ActiveCfg = Debug|Any CPU
		{B7413029-8B88-4945-A6B3-61DB3EF2602D}.Debug|x86.Build.0 = Debug|Any CPU
		{B7413029-8B88-4945-A6B3-61DB3EF2602D}.Release|Any CPU.ActiveCfg = Release|Any CPU
		{B7413029-8B88-4945-A6B3-61DB3EF2602D}.Release|Any CPU.Build.0 = Release|Any CPU
		{B7413029-8B88-4945-A6B3-61DB3EF2602D}.Release|x64.ActiveCfg = Release|Any CPU
		{B7413029-8B88-4945-A6B3-61DB3EF2602D}.Release|x64.Build.0 = Release|Any CPU
		{B7413029-8B88-4945-A6B3-61DB3EF2602D}.Release|x86.ActiveCfg = Release|Any CPU
		{B7413029-8B88-4945-A6B3-61DB3EF2602D}.Release|x86.Build.0 = Release|Any CPU
		{0178D2F5-5AC7-4B9F-8696-6E1AF14ED013}.Debug|Any CPU.ActiveCfg = Debug|Any CPU
		{0178D2F5-5AC7-4B9F-8696-6E1AF14ED013}.Debug|Any CPU.Build.0 = Debug|Any CPU
		{0178D2F5-5AC7-4B9F-8696-6E1AF14ED013}.Debug|x64.ActiveCfg = Debug|Any CPU
		{0178D2F5-5AC7-4B9F-8696-6E1AF14ED013}.Debug|x64.Build.0 = Debug|Any CPU
		{0178D2F5-5AC7-4B9F-8696-6E1AF14ED013}.Debug|x86.ActiveCfg = Debug|Any CPU
		{0178D2F5-5AC7-4B9F-8696-6E1AF14ED013}.Debug|x86.Build.0 = Debug|Any CPU
		{0178D2F5-5AC7-4B9F-8696-6E1AF14ED013}.Release|Any CPU.ActiveCfg = Release|Any CPU
		{0178D2F5-5AC7-4B9F-8696-6E1AF14ED013}.Release|Any CPU.Build.0 = Release|Any CPU
		{0178D2F5-5AC7-4B9F-8696-6E1AF14ED013}.Release|x64.ActiveCfg = Release|Any CPU
		{0178D2F5-5AC7-4B9F-8696-6E1AF14ED013}.Release|x64.Build.0 = Release|Any CPU
		{0178D2F5-5AC7-4B9F-8696-6E1AF14ED013}.Release|x86.ActiveCfg = Release|Any CPU
		{0178D2F5-5AC7-4B9F-8696-6E1AF14ED013}.Release|x86.Build.0 = Release|Any CPU
		{0E756677-5CB9-488B-B54A-55B32BF087D6}.Debug|Any CPU.ActiveCfg = Debug|Any CPU
		{0E756677-5CB9-488B-B54A-55B32BF087D6}.Debug|Any CPU.Build.0 = Debug|Any CPU
		{0E756677-5CB9-488B-B54A-55B32BF087D6}.Debug|x64.ActiveCfg = Debug|Any CPU
		{0E756677-5CB9-488B-B54A-55B32BF087D6}.Debug|x64.Build.0 = Debug|Any CPU
		{0E756677-5CB9-488B-B54A-55B32BF087D6}.Debug|x86.ActiveCfg = Debug|Any CPU
		{0E756677-5CB9-488B-B54A-55B32BF087D6}.Debug|x86.Build.0 = Debug|Any CPU
		{0E756677-5CB9-488B-B54A-55B32BF087D6}.Release|Any CPU.ActiveCfg = Release|Any CPU
		{0E756677-5CB9-488B-B54A-55B32BF087D6}.Release|Any CPU.Build.0 = Release|Any CPU
		{0E756677-5CB9-488B-B54A-55B32BF087D6}.Release|x64.ActiveCfg = Release|Any CPU
		{0E756677-5CB9-488B-B54A-55B32BF087D6}.Release|x64.Build.0 = Release|Any CPU
		{0E756677-5CB9-488B-B54A-55B32BF087D6}.Release|x86.ActiveCfg = Release|Any CPU
		{0E756677-5CB9-488B-B54A-55B32BF087D6}.Release|x86.Build.0 = Release|Any CPU
		{70B24BBF-E59F-4F91-A74B-01288E1DECB3}.Debug|Any CPU.ActiveCfg = Debug|Win32
		{70B24BBF-E59F-4F91-A74B-01288E1DECB3}.Debug|x64.ActiveCfg = Debug|Win32
		{70B24BBF-E59F-4F91-A74B-01288E1DECB3}.Debug|x86.ActiveCfg = Debug|Win32
		{70B24BBF-E59F-4F91-A74B-01288E1DECB3}.Debug|x86.Build.0 = Debug|Win32
		{70B24BBF-E59F-4F91-A74B-01288E1DECB3}.Release|Any CPU.ActiveCfg = Release|Win32
		{70B24BBF-E59F-4F91-A74B-01288E1DECB3}.Release|x64.ActiveCfg = Release|Win32
		{70B24BBF-E59F-4F91-A74B-01288E1DECB3}.Release|x86.ActiveCfg = Release|Win32
		{70B24BBF-E59F-4F91-A74B-01288E1DECB3}.Release|x86.Build.0 = Release|Win32
		{6E8BB66C-D141-4333-8311-3CF33FACEC1B}.Debug|Any CPU.ActiveCfg = Debug|Any CPU
		{6E8BB66C-D141-4333-8311-3CF33FACEC1B}.Debug|Any CPU.Build.0 = Debug|Any CPU
		{6E8BB66C-D141-4333-8311-3CF33FACEC1B}.Debug|x64.ActiveCfg = Debug|Any CPU
		{6E8BB66C-D141-4333-8311-3CF33FACEC1B}.Debug|x64.Build.0 = Debug|Any CPU
		{6E8BB66C-D141-4333-8311-3CF33FACEC1B}.Debug|x86.ActiveCfg = Debug|Any CPU
		{6E8BB66C-D141-4333-8311-3CF33FACEC1B}.Debug|x86.Build.0 = Debug|Any CPU
		{6E8BB66C-D141-4333-8311-3CF33FACEC1B}.Release|Any CPU.ActiveCfg = Release|Any CPU
		{6E8BB66C-D141-4333-8311-3CF33FACEC1B}.Release|Any CPU.Build.0 = Release|Any CPU
		{6E8BB66C-D141-4333-8311-3CF33FACEC1B}.Release|x64.ActiveCfg = Release|Any CPU
		{6E8BB66C-D141-4333-8311-3CF33FACEC1B}.Release|x64.Build.0 = Release|Any CPU
		{6E8BB66C-D141-4333-8311-3CF33FACEC1B}.Release|x86.ActiveCfg = Release|Any CPU
		{6E8BB66C-D141-4333-8311-3CF33FACEC1B}.Release|x86.Build.0 = Release|Any CPU
		{4A1D7E19-8697-4DB8-B54F-1DF30F5C90B7}.Debug|Any CPU.ActiveCfg = Debug|Any CPU
		{4A1D7E19-8697-4DB8-B54F-1DF30F5C90B7}.Debug|Any CPU.Build.0 = Debug|Any CPU
		{4A1D7E19-8697-4DB8-B54F-1DF30F5C90B7}.Debug|x64.ActiveCfg = Debug|Any CPU
		{4A1D7E19-8697-4DB8-B54F-1DF30F5C90B7}.Debug|x64.Build.0 = Debug|Any CPU
		{4A1D7E19-8697-4DB8-B54F-1DF30F5C90B7}.Debug|x86.ActiveCfg = Debug|Any CPU
		{4A1D7E19-8697-4DB8-B54F-1DF30F5C90B7}.Debug|x86.Build.0 = Debug|Any CPU
		{4A1D7E19-8697-4DB8-B54F-1DF30F5C90B7}.Release|Any CPU.ActiveCfg = Release|Any CPU
		{4A1D7E19-8697-4DB8-B54F-1DF30F5C90B7}.Release|Any CPU.Build.0 = Release|Any CPU
		{4A1D7E19-8697-4DB8-B54F-1DF30F5C90B7}.Release|x64.ActiveCfg = Release|Any CPU
		{4A1D7E19-8697-4DB8-B54F-1DF30F5C90B7}.Release|x64.Build.0 = Release|Any CPU
		{4A1D7E19-8697-4DB8-B54F-1DF30F5C90B7}.Release|x86.ActiveCfg = Release|Any CPU
		{4A1D7E19-8697-4DB8-B54F-1DF30F5C90B7}.Release|x86.Build.0 = Release|Any CPU
		{FA72F510-5B39-43EC-BA62-04C6F90BD524}.Debug|Any CPU.ActiveCfg = Debug|Any CPU
		{FA72F510-5B39-43EC-BA62-04C6F90BD524}.Debug|Any CPU.Build.0 = Debug|Any CPU
		{FA72F510-5B39-43EC-BA62-04C6F90BD524}.Debug|x64.ActiveCfg = Debug|Any CPU
		{FA72F510-5B39-43EC-BA62-04C6F90BD524}.Debug|x64.Build.0 = Debug|Any CPU
		{FA72F510-5B39-43EC-BA62-04C6F90BD524}.Debug|x86.ActiveCfg = Debug|Any CPU
		{FA72F510-5B39-43EC-BA62-04C6F90BD524}.Debug|x86.Build.0 = Debug|Any CPU
		{FA72F510-5B39-43EC-BA62-04C6F90BD524}.Release|Any CPU.ActiveCfg = Release|Any CPU
		{FA72F510-5B39-43EC-BA62-04C6F90BD524}.Release|Any CPU.Build.0 = Release|Any CPU
		{FA72F510-5B39-43EC-BA62-04C6F90BD524}.Release|x64.ActiveCfg = Release|Any CPU
		{FA72F510-5B39-43EC-BA62-04C6F90BD524}.Release|x64.Build.0 = Release|Any CPU
		{FA72F510-5B39-43EC-BA62-04C6F90BD524}.Release|x86.ActiveCfg = Release|Any CPU
		{FA72F510-5B39-43EC-BA62-04C6F90BD524}.Release|x86.Build.0 = Release|Any CPU
		{4FF60CC6-8D38-4686-A8F8-94BB36DDCFCC}.Debug|Any CPU.ActiveCfg = Debug|Any CPU
		{4FF60CC6-8D38-4686-A8F8-94BB36DDCFCC}.Debug|Any CPU.Build.0 = Debug|Any CPU
		{4FF60CC6-8D38-4686-A8F8-94BB36DDCFCC}.Debug|x64.ActiveCfg = Debug|Any CPU
		{4FF60CC6-8D38-4686-A8F8-94BB36DDCFCC}.Debug|x64.Build.0 = Debug|Any CPU
		{4FF60CC6-8D38-4686-A8F8-94BB36DDCFCC}.Debug|x86.ActiveCfg = Debug|Any CPU
		{4FF60CC6-8D38-4686-A8F8-94BB36DDCFCC}.Debug|x86.Build.0 = Debug|Any CPU
		{4FF60CC6-8D38-4686-A8F8-94BB36DDCFCC}.Release|Any CPU.ActiveCfg = Release|Any CPU
		{4FF60CC6-8D38-4686-A8F8-94BB36DDCFCC}.Release|Any CPU.Build.0 = Release|Any CPU
		{4FF60CC6-8D38-4686-A8F8-94BB36DDCFCC}.Release|x64.ActiveCfg = Release|Any CPU
		{4FF60CC6-8D38-4686-A8F8-94BB36DDCFCC}.Release|x64.Build.0 = Release|Any CPU
		{4FF60CC6-8D38-4686-A8F8-94BB36DDCFCC}.Release|x86.ActiveCfg = Release|Any CPU
		{4FF60CC6-8D38-4686-A8F8-94BB36DDCFCC}.Release|x86.Build.0 = Release|Any CPU
		{5D949877-7015-40CA-83E5-D516C1C2BA97}.Debug|Any CPU.ActiveCfg = Debug|Any CPU
		{5D949877-7015-40CA-83E5-D516C1C2BA97}.Debug|Any CPU.Build.0 = Debug|Any CPU
		{5D949877-7015-40CA-83E5-D516C1C2BA97}.Debug|x64.ActiveCfg = Debug|Any CPU
		{5D949877-7015-40CA-83E5-D516C1C2BA97}.Debug|x64.Build.0 = Debug|Any CPU
		{5D949877-7015-40CA-83E5-D516C1C2BA97}.Debug|x86.ActiveCfg = Debug|Any CPU
		{5D949877-7015-40CA-83E5-D516C1C2BA97}.Debug|x86.Build.0 = Debug|Any CPU
		{5D949877-7015-40CA-83E5-D516C1C2BA97}.Release|Any CPU.ActiveCfg = Release|Any CPU
		{5D949877-7015-40CA-83E5-D516C1C2BA97}.Release|Any CPU.Build.0 = Release|Any CPU
		{5D949877-7015-40CA-83E5-D516C1C2BA97}.Release|x64.ActiveCfg = Release|Any CPU
		{5D949877-7015-40CA-83E5-D516C1C2BA97}.Release|x64.Build.0 = Release|Any CPU
		{5D949877-7015-40CA-83E5-D516C1C2BA97}.Release|x86.ActiveCfg = Release|Any CPU
		{5D949877-7015-40CA-83E5-D516C1C2BA97}.Release|x86.Build.0 = Release|Any CPU
		{00DC331B-E105-44F0-829E-80C2E1120D2F}.Debug|Any CPU.ActiveCfg = Debug|Any CPU
		{00DC331B-E105-44F0-829E-80C2E1120D2F}.Debug|Any CPU.Build.0 = Debug|Any CPU
		{00DC331B-E105-44F0-829E-80C2E1120D2F}.Debug|x64.ActiveCfg = Debug|Any CPU
		{00DC331B-E105-44F0-829E-80C2E1120D2F}.Debug|x64.Build.0 = Debug|Any CPU
		{00DC331B-E105-44F0-829E-80C2E1120D2F}.Debug|x86.ActiveCfg = Debug|Any CPU
		{00DC331B-E105-44F0-829E-80C2E1120D2F}.Debug|x86.Build.0 = Debug|Any CPU
		{00DC331B-E105-44F0-829E-80C2E1120D2F}.Release|Any CPU.ActiveCfg = Release|Any CPU
		{00DC331B-E105-44F0-829E-80C2E1120D2F}.Release|Any CPU.Build.0 = Release|Any CPU
		{00DC331B-E105-44F0-829E-80C2E1120D2F}.Release|x64.ActiveCfg = Release|Any CPU
		{00DC331B-E105-44F0-829E-80C2E1120D2F}.Release|x64.Build.0 = Release|Any CPU
		{00DC331B-E105-44F0-829E-80C2E1120D2F}.Release|x86.ActiveCfg = Release|Any CPU
		{00DC331B-E105-44F0-829E-80C2E1120D2F}.Release|x86.Build.0 = Release|Any CPU
		{0B44B3D7-52D7-4C0E-9B1C-F48CEEDA36FE}.Debug|Any CPU.ActiveCfg = Debug|Any CPU
		{0B44B3D7-52D7-4C0E-9B1C-F48CEEDA36FE}.Debug|Any CPU.Build.0 = Debug|Any CPU
		{0B44B3D7-52D7-4C0E-9B1C-F48CEEDA36FE}.Debug|x64.ActiveCfg = Debug|Any CPU
		{0B44B3D7-52D7-4C0E-9B1C-F48CEEDA36FE}.Debug|x64.Build.0 = Debug|Any CPU
		{0B44B3D7-52D7-4C0E-9B1C-F48CEEDA36FE}.Debug|x86.ActiveCfg = Debug|Any CPU
		{0B44B3D7-52D7-4C0E-9B1C-F48CEEDA36FE}.Debug|x86.Build.0 = Debug|Any CPU
		{0B44B3D7-52D7-4C0E-9B1C-F48CEEDA36FE}.Release|Any CPU.ActiveCfg = Release|Any CPU
		{0B44B3D7-52D7-4C0E-9B1C-F48CEEDA36FE}.Release|Any CPU.Build.0 = Release|Any CPU
		{0B44B3D7-52D7-4C0E-9B1C-F48CEEDA36FE}.Release|x64.ActiveCfg = Release|Any CPU
		{0B44B3D7-52D7-4C0E-9B1C-F48CEEDA36FE}.Release|x64.Build.0 = Release|Any CPU
		{0B44B3D7-52D7-4C0E-9B1C-F48CEEDA36FE}.Release|x86.ActiveCfg = Release|Any CPU
		{0B44B3D7-52D7-4C0E-9B1C-F48CEEDA36FE}.Release|x86.Build.0 = Release|Any CPU
		{B0BB5DBF-3B99-4E4E-8793-984153C7D21F}.Debug|Any CPU.ActiveCfg = Debug|Any CPU
		{B0BB5DBF-3B99-4E4E-8793-984153C7D21F}.Debug|Any CPU.Build.0 = Debug|Any CPU
		{B0BB5DBF-3B99-4E4E-8793-984153C7D21F}.Debug|x64.ActiveCfg = Debug|Any CPU
		{B0BB5DBF-3B99-4E4E-8793-984153C7D21F}.Debug|x64.Build.0 = Debug|Any CPU
		{B0BB5DBF-3B99-4E4E-8793-984153C7D21F}.Debug|x86.ActiveCfg = Debug|Any CPU
		{B0BB5DBF-3B99-4E4E-8793-984153C7D21F}.Debug|x86.Build.0 = Debug|Any CPU
		{B0BB5DBF-3B99-4E4E-8793-984153C7D21F}.Release|Any CPU.ActiveCfg = Release|Any CPU
		{B0BB5DBF-3B99-4E4E-8793-984153C7D21F}.Release|Any CPU.Build.0 = Release|Any CPU
		{B0BB5DBF-3B99-4E4E-8793-984153C7D21F}.Release|x64.ActiveCfg = Release|Any CPU
		{B0BB5DBF-3B99-4E4E-8793-984153C7D21F}.Release|x64.Build.0 = Release|Any CPU
		{B0BB5DBF-3B99-4E4E-8793-984153C7D21F}.Release|x86.ActiveCfg = Release|Any CPU
		{B0BB5DBF-3B99-4E4E-8793-984153C7D21F}.Release|x86.Build.0 = Release|Any CPU
		{4C65947E-100E-4176-B893-C3067ED8DC11}.Debug|Any CPU.ActiveCfg = Debug|x86
		{4C65947E-100E-4176-B893-C3067ED8DC11}.Debug|x64.ActiveCfg = Debug|x86
		{4C65947E-100E-4176-B893-C3067ED8DC11}.Debug|x86.ActiveCfg = Debug|x86
		{4C65947E-100E-4176-B893-C3067ED8DC11}.Debug|x86.Build.0 = Debug|x86
		{4C65947E-100E-4176-B893-C3067ED8DC11}.Release|Any CPU.ActiveCfg = Release|x86
		{4C65947E-100E-4176-B893-C3067ED8DC11}.Release|x64.ActiveCfg = Release|x86
		{4C65947E-100E-4176-B893-C3067ED8DC11}.Release|x86.ActiveCfg = Release|x86
		{4C65947E-100E-4176-B893-C3067ED8DC11}.Release|x86.Build.0 = Release|x86
		{FE48353B-7945-400B-87B2-660BE9225083}.Debug|Any CPU.ActiveCfg = Debug|Any CPU
		{FE48353B-7945-400B-87B2-660BE9225083}.Debug|Any CPU.Build.0 = Debug|Any CPU
		{FE48353B-7945-400B-87B2-660BE9225083}.Debug|x64.ActiveCfg = Debug|Any CPU
		{FE48353B-7945-400B-87B2-660BE9225083}.Debug|x64.Build.0 = Debug|Any CPU
		{FE48353B-7945-400B-87B2-660BE9225083}.Debug|x86.ActiveCfg = Debug|Any CPU
		{FE48353B-7945-400B-87B2-660BE9225083}.Debug|x86.Build.0 = Debug|Any CPU
		{FE48353B-7945-400B-87B2-660BE9225083}.Release|Any CPU.ActiveCfg = Release|Any CPU
		{FE48353B-7945-400B-87B2-660BE9225083}.Release|Any CPU.Build.0 = Release|Any CPU
		{FE48353B-7945-400B-87B2-660BE9225083}.Release|x64.ActiveCfg = Release|Any CPU
		{FE48353B-7945-400B-87B2-660BE9225083}.Release|x64.Build.0 = Release|Any CPU
		{FE48353B-7945-400B-87B2-660BE9225083}.Release|x86.ActiveCfg = Release|Any CPU
		{FE48353B-7945-400B-87B2-660BE9225083}.Release|x86.Build.0 = Release|Any CPU
		{72D5AFCA-8989-4536-BA61-EEB1CD8A7FD1}.Debug|Any CPU.ActiveCfg = Debug|Any CPU
		{72D5AFCA-8989-4536-BA61-EEB1CD8A7FD1}.Debug|Any CPU.Build.0 = Debug|Any CPU
		{72D5AFCA-8989-4536-BA61-EEB1CD8A7FD1}.Debug|x64.ActiveCfg = Debug|Any CPU
		{72D5AFCA-8989-4536-BA61-EEB1CD8A7FD1}.Debug|x64.Build.0 = Debug|Any CPU
		{72D5AFCA-8989-4536-BA61-EEB1CD8A7FD1}.Debug|x86.ActiveCfg = Debug|Any CPU
		{72D5AFCA-8989-4536-BA61-EEB1CD8A7FD1}.Debug|x86.Build.0 = Debug|Any CPU
		{72D5AFCA-8989-4536-BA61-EEB1CD8A7FD1}.Release|Any CPU.ActiveCfg = Release|Any CPU
		{72D5AFCA-8989-4536-BA61-EEB1CD8A7FD1}.Release|Any CPU.Build.0 = Release|Any CPU
		{72D5AFCA-8989-4536-BA61-EEB1CD8A7FD1}.Release|x64.ActiveCfg = Release|Any CPU
		{72D5AFCA-8989-4536-BA61-EEB1CD8A7FD1}.Release|x64.Build.0 = Release|Any CPU
		{72D5AFCA-8989-4536-BA61-EEB1CD8A7FD1}.Release|x86.ActiveCfg = Release|Any CPU
		{72D5AFCA-8989-4536-BA61-EEB1CD8A7FD1}.Release|x86.Build.0 = Release|Any CPU
		{20FBEEA4-92C2-409E-9448-219CE60C0041}.Debug|Any CPU.ActiveCfg = Debug|Any CPU
		{20FBEEA4-92C2-409E-9448-219CE60C0041}.Debug|Any CPU.Build.0 = Debug|Any CPU
		{20FBEEA4-92C2-409E-9448-219CE60C0041}.Debug|x64.ActiveCfg = Debug|Any CPU
		{20FBEEA4-92C2-409E-9448-219CE60C0041}.Debug|x64.Build.0 = Debug|Any CPU
		{20FBEEA4-92C2-409E-9448-219CE60C0041}.Debug|x86.ActiveCfg = Debug|Any CPU
		{20FBEEA4-92C2-409E-9448-219CE60C0041}.Debug|x86.Build.0 = Debug|Any CPU
		{20FBEEA4-92C2-409E-9448-219CE60C0041}.Release|Any CPU.ActiveCfg = Release|Any CPU
		{20FBEEA4-92C2-409E-9448-219CE60C0041}.Release|Any CPU.Build.0 = Release|Any CPU
		{20FBEEA4-92C2-409E-9448-219CE60C0041}.Release|x64.ActiveCfg = Release|Any CPU
		{20FBEEA4-92C2-409E-9448-219CE60C0041}.Release|x64.Build.0 = Release|Any CPU
		{20FBEEA4-92C2-409E-9448-219CE60C0041}.Release|x86.ActiveCfg = Release|Any CPU
		{20FBEEA4-92C2-409E-9448-219CE60C0041}.Release|x86.Build.0 = Release|Any CPU
		{58BA266F-B6DF-4096-8816-6A97C0A343E7}.Debug|Any CPU.ActiveCfg = Debug|Any CPU
		{58BA266F-B6DF-4096-8816-6A97C0A343E7}.Debug|Any CPU.Build.0 = Debug|Any CPU
		{58BA266F-B6DF-4096-8816-6A97C0A343E7}.Debug|x64.ActiveCfg = Debug|Any CPU
		{58BA266F-B6DF-4096-8816-6A97C0A343E7}.Debug|x64.Build.0 = Debug|Any CPU
		{58BA266F-B6DF-4096-8816-6A97C0A343E7}.Debug|x86.ActiveCfg = Debug|Any CPU
		{58BA266F-B6DF-4096-8816-6A97C0A343E7}.Debug|x86.Build.0 = Debug|Any CPU
		{58BA266F-B6DF-4096-8816-6A97C0A343E7}.Release|Any CPU.ActiveCfg = Release|Any CPU
		{58BA266F-B6DF-4096-8816-6A97C0A343E7}.Release|Any CPU.Build.0 = Release|Any CPU
		{58BA266F-B6DF-4096-8816-6A97C0A343E7}.Release|x64.ActiveCfg = Release|Any CPU
		{58BA266F-B6DF-4096-8816-6A97C0A343E7}.Release|x64.Build.0 = Release|Any CPU
		{58BA266F-B6DF-4096-8816-6A97C0A343E7}.Release|x86.ActiveCfg = Release|Any CPU
		{58BA266F-B6DF-4096-8816-6A97C0A343E7}.Release|x86.Build.0 = Release|Any CPU
		{2BB69C76-D153-48A0-95B9-710550D63986}.Debug|Any CPU.ActiveCfg = Debug|Any CPU
		{2BB69C76-D153-48A0-95B9-710550D63986}.Debug|Any CPU.Build.0 = Debug|Any CPU
		{2BB69C76-D153-48A0-95B9-710550D63986}.Debug|x64.ActiveCfg = Debug|Any CPU
		{2BB69C76-D153-48A0-95B9-710550D63986}.Debug|x64.Build.0 = Debug|Any CPU
		{2BB69C76-D153-48A0-95B9-710550D63986}.Debug|x86.ActiveCfg = Debug|Any CPU
		{2BB69C76-D153-48A0-95B9-710550D63986}.Debug|x86.Build.0 = Debug|Any CPU
		{2BB69C76-D153-48A0-95B9-710550D63986}.Release|Any CPU.ActiveCfg = Release|Any CPU
		{2BB69C76-D153-48A0-95B9-710550D63986}.Release|Any CPU.Build.0 = Release|Any CPU
		{2BB69C76-D153-48A0-95B9-710550D63986}.Release|x64.ActiveCfg = Release|Any CPU
		{2BB69C76-D153-48A0-95B9-710550D63986}.Release|x64.Build.0 = Release|Any CPU
		{2BB69C76-D153-48A0-95B9-710550D63986}.Release|x86.ActiveCfg = Release|Any CPU
		{2BB69C76-D153-48A0-95B9-710550D63986}.Release|x86.Build.0 = Release|Any CPU
		{4682D111-4503-448E-B5F4-93358502C229}.Debug|Any CPU.ActiveCfg = Debug|Any CPU
		{4682D111-4503-448E-B5F4-93358502C229}.Debug|Any CPU.Build.0 = Debug|Any CPU
		{4682D111-4503-448E-B5F4-93358502C229}.Debug|x64.ActiveCfg = Debug|Any CPU
		{4682D111-4503-448E-B5F4-93358502C229}.Debug|x64.Build.0 = Debug|Any CPU
		{4682D111-4503-448E-B5F4-93358502C229}.Debug|x86.ActiveCfg = Debug|Any CPU
		{4682D111-4503-448E-B5F4-93358502C229}.Debug|x86.Build.0 = Debug|Any CPU
		{4682D111-4503-448E-B5F4-93358502C229}.Release|Any CPU.ActiveCfg = Release|Any CPU
		{4682D111-4503-448E-B5F4-93358502C229}.Release|Any CPU.Build.0 = Release|Any CPU
		{4682D111-4503-448E-B5F4-93358502C229}.Release|x64.ActiveCfg = Release|Any CPU
		{4682D111-4503-448E-B5F4-93358502C229}.Release|x64.Build.0 = Release|Any CPU
		{4682D111-4503-448E-B5F4-93358502C229}.Release|x86.ActiveCfg = Release|Any CPU
		{4682D111-4503-448E-B5F4-93358502C229}.Release|x86.Build.0 = Release|Any CPU
		{B3D9A91A-8F19-45DA-93FF-4C6248AFD6D1}.Debug|Any CPU.ActiveCfg = Debug|Any CPU
		{B3D9A91A-8F19-45DA-93FF-4C6248AFD6D1}.Debug|Any CPU.Build.0 = Debug|Any CPU
		{B3D9A91A-8F19-45DA-93FF-4C6248AFD6D1}.Debug|x64.ActiveCfg = Debug|x64
		{B3D9A91A-8F19-45DA-93FF-4C6248AFD6D1}.Debug|x64.Build.0 = Debug|x64
		{B3D9A91A-8F19-45DA-93FF-4C6248AFD6D1}.Debug|x86.ActiveCfg = Debug|x86
		{B3D9A91A-8F19-45DA-93FF-4C6248AFD6D1}.Debug|x86.Build.0 = Debug|x86
		{B3D9A91A-8F19-45DA-93FF-4C6248AFD6D1}.Release|Any CPU.ActiveCfg = Release|Any CPU
		{B3D9A91A-8F19-45DA-93FF-4C6248AFD6D1}.Release|Any CPU.Build.0 = Release|Any CPU
		{B3D9A91A-8F19-45DA-93FF-4C6248AFD6D1}.Release|x64.ActiveCfg = Release|x64
		{B3D9A91A-8F19-45DA-93FF-4C6248AFD6D1}.Release|x64.Build.0 = Release|x64
		{B3D9A91A-8F19-45DA-93FF-4C6248AFD6D1}.Release|x86.ActiveCfg = Release|x86
		{B3D9A91A-8F19-45DA-93FF-4C6248AFD6D1}.Release|x86.Build.0 = Release|x86
		{16A0709D-4952-4801-9C3C-3607940121B6}.Debug|Any CPU.ActiveCfg = Debug|Any CPU
		{16A0709D-4952-4801-9C3C-3607940121B6}.Debug|Any CPU.Build.0 = Debug|Any CPU
		{16A0709D-4952-4801-9C3C-3607940121B6}.Debug|x64.ActiveCfg = Debug|Any CPU
		{16A0709D-4952-4801-9C3C-3607940121B6}.Debug|x64.Build.0 = Debug|Any CPU
		{16A0709D-4952-4801-9C3C-3607940121B6}.Debug|x86.ActiveCfg = Debug|Any CPU
		{16A0709D-4952-4801-9C3C-3607940121B6}.Debug|x86.Build.0 = Debug|Any CPU
		{16A0709D-4952-4801-9C3C-3607940121B6}.Release|Any CPU.ActiveCfg = Release|Any CPU
		{16A0709D-4952-4801-9C3C-3607940121B6}.Release|Any CPU.Build.0 = Release|Any CPU
		{16A0709D-4952-4801-9C3C-3607940121B6}.Release|x64.ActiveCfg = Release|Any CPU
		{16A0709D-4952-4801-9C3C-3607940121B6}.Release|x64.Build.0 = Release|Any CPU
		{16A0709D-4952-4801-9C3C-3607940121B6}.Release|x86.ActiveCfg = Release|Any CPU
		{16A0709D-4952-4801-9C3C-3607940121B6}.Release|x86.Build.0 = Release|Any CPU
		{88B15C8B-9377-4CCB-AA9B-4C3F9D923713}.Debug|Any CPU.ActiveCfg = Debug|Any CPU
		{88B15C8B-9377-4CCB-AA9B-4C3F9D923713}.Debug|Any CPU.Build.0 = Debug|Any CPU
		{88B15C8B-9377-4CCB-AA9B-4C3F9D923713}.Debug|x64.ActiveCfg = Debug|Any CPU
		{88B15C8B-9377-4CCB-AA9B-4C3F9D923713}.Debug|x64.Build.0 = Debug|Any CPU
		{88B15C8B-9377-4CCB-AA9B-4C3F9D923713}.Debug|x86.ActiveCfg = Debug|Any CPU
		{88B15C8B-9377-4CCB-AA9B-4C3F9D923713}.Debug|x86.Build.0 = Debug|Any CPU
		{88B15C8B-9377-4CCB-AA9B-4C3F9D923713}.Release|Any CPU.ActiveCfg = Release|Any CPU
		{88B15C8B-9377-4CCB-AA9B-4C3F9D923713}.Release|Any CPU.Build.0 = Release|Any CPU
		{88B15C8B-9377-4CCB-AA9B-4C3F9D923713}.Release|x64.ActiveCfg = Release|Any CPU
		{88B15C8B-9377-4CCB-AA9B-4C3F9D923713}.Release|x64.Build.0 = Release|Any CPU
		{88B15C8B-9377-4CCB-AA9B-4C3F9D923713}.Release|x86.ActiveCfg = Release|Any CPU
		{88B15C8B-9377-4CCB-AA9B-4C3F9D923713}.Release|x86.Build.0 = Release|Any CPU
		{9A2F4C86-D86E-4354-8F8A-D86ECF772F1A}.Debug|Any CPU.ActiveCfg = Debug|Any CPU
		{9A2F4C86-D86E-4354-8F8A-D86ECF772F1A}.Debug|Any CPU.Build.0 = Debug|Any CPU
		{9A2F4C86-D86E-4354-8F8A-D86ECF772F1A}.Debug|x64.ActiveCfg = Debug|Any CPU
		{9A2F4C86-D86E-4354-8F8A-D86ECF772F1A}.Debug|x64.Build.0 = Debug|Any CPU
		{9A2F4C86-D86E-4354-8F8A-D86ECF772F1A}.Debug|x86.ActiveCfg = Debug|Any CPU
		{9A2F4C86-D86E-4354-8F8A-D86ECF772F1A}.Debug|x86.Build.0 = Debug|Any CPU
		{9A2F4C86-D86E-4354-8F8A-D86ECF772F1A}.Release|Any CPU.ActiveCfg = Release|Any CPU
		{9A2F4C86-D86E-4354-8F8A-D86ECF772F1A}.Release|Any CPU.Build.0 = Release|Any CPU
		{9A2F4C86-D86E-4354-8F8A-D86ECF772F1A}.Release|x64.ActiveCfg = Release|Any CPU
		{9A2F4C86-D86E-4354-8F8A-D86ECF772F1A}.Release|x64.Build.0 = Release|Any CPU
		{9A2F4C86-D86E-4354-8F8A-D86ECF772F1A}.Release|x86.ActiveCfg = Release|Any CPU
		{9A2F4C86-D86E-4354-8F8A-D86ECF772F1A}.Release|x86.Build.0 = Release|Any CPU
	EndGlobalSection
	GlobalSection(SolutionProperties) = preSolution
		HideSolutionNode = FALSE
	EndGlobalSection
	GlobalSection(NestedProjects) = preSolution
		{F3FCD690-6D1A-4A42-AFC1-A3A3D56D7DBC} = {C564582D-6896-4350-973C-96E4ABF4DF05}
		{1E4F75E2-476C-4D6E-87BF-F545CCF5CE59} = {5ABB2CD5-936B-40E8-9018-B9D20FC3EB13}
		{17379614-821C-4504-B45D-BBACC866EBFB} = {5ABB2CD5-936B-40E8-9018-B9D20FC3EB13}
		{8D9497ED-F71D-4938-A6AD-0BB6AAF1639E} = {5ABB2CD5-936B-40E8-9018-B9D20FC3EB13}
		{4AC57653-233F-4862-AF88-139A1D02A007} = {5ABB2CD5-936B-40E8-9018-B9D20FC3EB13}
		{E6052609-A070-41D5-85B9-ACABA91170C5} = {5ABB2CD5-936B-40E8-9018-B9D20FC3EB13}
		{8BEEA89E-746F-4FAE-B7AB-5F30883D758B} = {5ABB2CD5-936B-40E8-9018-B9D20FC3EB13}
		{156F9A0F-C89B-42D5-9636-0047FE0923CE} = {5ABB2CD5-936B-40E8-9018-B9D20FC3EB13}
		{369D647A-7F80-4F06-BEDB-D62AC1627862} = {36FDE6AF-A674-46C6-BC9E-F0D43CF4108A}
		{B72919DC-C5B9-441A-9AD9-6CF9A97AFE85} = {36FDE6AF-A674-46C6-BC9E-F0D43CF4108A}
		{968B0CDA-1415-4C66-B8FC-64FCFE21C3B2} = {36FDE6AF-A674-46C6-BC9E-F0D43CF4108A}
		{F961C306-98E5-410D-A1AC-0C0D0F10C6AD} = {36FDE6AF-A674-46C6-BC9E-F0D43CF4108A}
		{A10D4671-34C7-4AD8-B537-B2B9C48242F7} = {ACB3F170-B11A-47B6-A6C8-FE027D29374B}
		{B20FEBE5-4895-4930-8017-C7614AB6C49B} = {ACB3F170-B11A-47B6-A6C8-FE027D29374B}
		{BFB2A0B5-B3AB-4355-9C7D-59F9FBDD38E9} = {ACB3F170-B11A-47B6-A6C8-FE027D29374B}
		{B7413029-8B88-4945-A6B3-61DB3EF2602D} = {ACB3F170-B11A-47B6-A6C8-FE027D29374B}
		{0178D2F5-5AC7-4B9F-8696-6E1AF14ED013} = {03C9523B-1437-44CE-9CC3-10EB1EDE77A3}
		{0E756677-5CB9-488B-B54A-55B32BF087D6} = {03C9523B-1437-44CE-9CC3-10EB1EDE77A3}
		{70B24BBF-E59F-4F91-A74B-01288E1DECB3} = {03C9523B-1437-44CE-9CC3-10EB1EDE77A3}
		{6E8BB66C-D141-4333-8311-3CF33FACEC1B} = {03C9523B-1437-44CE-9CC3-10EB1EDE77A3}
		{4A1D7E19-8697-4DB8-B54F-1DF30F5C90B7} = {03C9523B-1437-44CE-9CC3-10EB1EDE77A3}
		{FA72F510-5B39-43EC-BA62-04C6F90BD524} = {03C9523B-1437-44CE-9CC3-10EB1EDE77A3}
		{4FF60CC6-8D38-4686-A8F8-94BB36DDCFCC} = {03C9523B-1437-44CE-9CC3-10EB1EDE77A3}
		{5D949877-7015-40CA-83E5-D516C1C2BA97} = {03C9523B-1437-44CE-9CC3-10EB1EDE77A3}
		{00DC331B-E105-44F0-829E-80C2E1120D2F} = {EE780FF5-595B-41F2-866C-5C58EF159508}
		{0B44B3D7-52D7-4C0E-9B1C-F48CEEDA36FE} = {EE780FF5-595B-41F2-866C-5C58EF159508}
		{B0BB5DBF-3B99-4E4E-8793-984153C7D21F} = {EE780FF5-595B-41F2-866C-5C58EF159508}
		{4C65947E-100E-4176-B893-C3067ED8DC11} = {EE780FF5-595B-41F2-866C-5C58EF159508}
		{FE48353B-7945-400B-87B2-660BE9225083} = {EE780FF5-595B-41F2-866C-5C58EF159508}
		{72D5AFCA-8989-4536-BA61-EEB1CD8A7FD1} = {EE780FF5-595B-41F2-866C-5C58EF159508}
		{20FBEEA4-92C2-409E-9448-219CE60C0041} = {EE780FF5-595B-41F2-866C-5C58EF159508}
		{58BA266F-B6DF-4096-8816-6A97C0A343E7} = {194A6322-EB1A-412E-8780-6FE9976D3910}
		{2BB69C76-D153-48A0-95B9-710550D63986} = {194A6322-EB1A-412E-8780-6FE9976D3910}
		{4682D111-4503-448E-B5F4-93358502C229} = {88B5C9FC-1437-4D4C-9203-B62DD296EAB1}
		{B3D9A91A-8F19-45DA-93FF-4C6248AFD6D1} = {88B5C9FC-1437-4D4C-9203-B62DD296EAB1}
		{16A0709D-4952-4801-9C3C-3607940121B6} = {88B5C9FC-1437-4D4C-9203-B62DD296EAB1}
		{88B15C8B-9377-4CCB-AA9B-4C3F9D923713} = {88B5C9FC-1437-4D4C-9203-B62DD296EAB1}
		{9A2F4C86-D86E-4354-8F8A-D86ECF772F1A} = {88B5C9FC-1437-4D4C-9203-B62DD296EAB1}
	EndGlobalSection
	GlobalSection(ExtensibilityGlobals) = postSolution
		SolutionGuid = {5867DB35-7781-41CD-955D-2E5B4B9A8968}
	EndGlobalSection
EndGlobal
